
Microsoft Visual Studio Solution File, Format Version 12.00
# Visual Studio 2012
Project("{FAE04EC0-301F-11D3-BF4B-00C04F79EFBC}") = "Common", "Common\Common.csproj", "{D4686A63-A0E3-43B5-B227-53E95624C80F}"
EndProject
Project("{FAE04EC0-301F-11D3-BF4B-00C04F79EFBC}") = "CTCRM.Components", "CTCRM.Components\CTCRM.Components.csproj", "{9E7FFB17-B0EB-4D8A-A98D-842B1C762C26}"
EndProject
Project("{FAE04EC0-301F-11D3-BF4B-00C04F79EFBC}") = "CTCRM.Entity", "CTCRM.Entity\CTCRM.Entity.csproj", "{BFD6A37C-30D6-4091-BAB2-573F3DA3D561}"
EndProject
Project("{FAE04EC0-301F-11D3-BF4B-00C04F79EFBC}") = "CTCRM.DAL", "CTCRM.DAL\CTCRM.DAL.csproj", "{96D874E8-03D3-4D2D-8B50-6831CEFAFE5B}"
EndProject
Project("{FAE04EC0-301F-11D3-BF4B-00C04F79EFBC}") = "CHENGTUAN.Components", "CHENGTUAN.Components\CHENGTUAN.Components.csproj", "{F0AE13D2-83DC-4B08-B4AE-6416A5FC725F}"
EndProject
Project("{FAE04EC0-301F-11D3-BF4B-00C04F79EFBC}") = "CHENGTUAN.Entity", "CHENGTUAN.Entity\CHENGTUAN.Entity.csproj", "{8B269FB1-62E6-4841-8762-1E137D322341}"
EndProject
Project("{FAE04EC0-301F-11D3-BF4B-00C04F79EFBC}") = "Magic.Common.CSVHelper", "Magic.Common.CSVHelper\Magic.Common.CSVHelper.csproj", "{2F39C1B7-B22F-4AE4-8FDB-07276A5FD324}"
EndProject
Project("{FAE04EC0-301F-11D3-BF4B-00C04F79EFBC}") = "CRMService", "CRMService\CRMService.csproj", "{A46E334A-4444-4E76-8D06-635B2E053409}"
EndProject
Project("{FAE04EC0-301F-11D3-BF4B-00C04F79EFBC}") = "TopSdk", "TopSdk\TopSdk.csproj", "{9C11CAE5-5188-4E71-825B-68FC3135728A}"
EndProject
Project("{FAE04EC0-301F-11D3-BF4B-00C04F79EFBC}") = "MeesageAtuoSendService", "MeesageAtuoSendService\MeesageAtuoSendService.csproj", "{E3F427D5-C187-4AE8-AC6C-6047504BADC9}"
EndProject
Project("{FAE04EC0-301F-11D3-BF4B-00C04F79EFBC}") = "CTCRM.MiaoPingServiceV2", "CTCRM.MiaoPingServiceV2\CTCRM.MiaoPingServiceV2.csproj", "{3324D8CD-603D-4712-A6B8-89C81E9D0159}"
EndProject
Project("{FAE04EC0-301F-11D3-BF4B-00C04F79EFBC}") = "CTCRM", "CTCRM\CTCRM.csproj", "{69438734-2222-4CC9-BFD9-D9444F8E3CCC}"
EndProject
Project("{FAE04EC0-301F-11D3-BF4B-00C04F79EFBC}") = "SynTest", "SynTest\SynTest.csproj", "{74EBF82E-BFAB-4747-A18E-72025D6092EA}"
EndProject
Project("{FAE04EC0-301F-11D3-BF4B-00C04F79EFBC}") = "ZHSoft.Json", "Tagus.Json\ZHSoft.Json.csproj", "{D25E0209-0E1C-4009-8538-3F7DA1C14997}"
EndProject
Project("{FAE04EC0-301F-11D3-BF4B-00C04F79EFBC}") = "SynMember", "SynMember\SynMember.csproj", "{070A5DF7-B636-4799-9B2D-9D4DAB98850F}"
EndProject
Global
	GlobalSection(SolutionConfigurationPlatforms) = preSolution
		Debug|Any CPU = Debug|Any CPU
		Release|Any CPU = Release|Any CPU
	EndGlobalSection
	GlobalSection(ProjectConfigurationPlatforms) = postSolution
		{D4686A63-A0E3-43B5-B227-53E95624C80F}.Debug|Any CPU.ActiveCfg = Debug|Any CPU
		{D4686A63-A0E3-43B5-B227-53E95624C80F}.Debug|Any CPU.Build.0 = Debug|Any CPU
		{D4686A63-A0E3-43B5-B227-53E95624C80F}.Release|Any CPU.ActiveCfg = Release|Any CPU
		{D4686A63-A0E3-43B5-B227-53E95624C80F}.Release|Any CPU.Build.0 = Release|Any CPU
		{9E7FFB17-B0EB-4D8A-A98D-842B1C762C26}.Debug|Any CPU.ActiveCfg = Debug|Any CPU
		{9E7FFB17-B0EB-4D8A-A98D-842B1C762C26}.Debug|Any CPU.Build.0 = Debug|Any CPU
		{9E7FFB17-B0EB-4D8A-A98D-842B1C762C26}.Release|Any CPU.ActiveCfg = Release|Any CPU
		{9E7FFB17-B0EB-4D8A-A98D-842B1C762C26}.Release|Any CPU.Build.0 = Release|Any CPU
		{BFD6A37C-30D6-4091-BAB2-573F3DA3D561}.Debug|Any CPU.ActiveCfg = Debug|Any CPU
		{BFD6A37C-30D6-4091-BAB2-573F3DA3D561}.Debug|Any CPU.Build.0 = Debug|Any CPU
		{BFD6A37C-30D6-4091-BAB2-573F3DA3D561}.Release|Any CPU.ActiveCfg = Release|Any CPU
		{BFD6A37C-30D6-4091-BAB2-573F3DA3D561}.Release|Any CPU.Build.0 = Release|Any CPU
		{96D874E8-03D3-4D2D-8B50-6831CEFAFE5B}.Debug|Any CPU.ActiveCfg = Debug|Any CPU
		{96D874E8-03D3-4D2D-8B50-6831CEFAFE5B}.Debug|Any CPU.Build.0 = Debug|Any CPU
		{96D874E8-03D3-4D2D-8B50-6831CEFAFE5B}.Release|Any CPU.ActiveCfg = Release|Any CPU
		{96D874E8-03D3-4D2D-8B50-6831CEFAFE5B}.Release|Any CPU.Build.0 = Release|Any CPU
		{F0AE13D2-83DC-4B08-B4AE-6416A5FC725F}.Debug|Any CPU.ActiveCfg = Debug|Any CPU
		{F0AE13D2-83DC-4B08-B4AE-6416A5FC725F}.Debug|Any CPU.Build.0 = Debug|Any CPU
		{F0AE13D2-83DC-4B08-B4AE-6416A5FC725F}.Release|Any CPU.ActiveCfg = Release|Any CPU
		{F0AE13D2-83DC-4B08-B4AE-6416A5FC725F}.Release|Any CPU.Build.0 = Release|Any CPU
		{8B269FB1-62E6-4841-8762-1E137D322341}.Debug|Any CPU.ActiveCfg = Debug|Any CPU
		{8B269FB1-62E6-4841-8762-1E137D322341}.Debug|Any CPU.Build.0 = Debug|Any CPU
		{8B269FB1-62E6-4841-8762-1E137D322341}.Release|Any CPU.ActiveCfg = Release|Any CPU
		{8B269FB1-62E6-4841-8762-1E137D322341}.Release|Any CPU.Build.0 = Release|Any CPU
		{2F39C1B7-B22F-4AE4-8FDB-07276A5FD324}.Debug|Any CPU.ActiveCfg = Debug|Any CPU
		{2F39C1B7-B22F-4AE4-8FDB-07276A5FD324}.Debug|Any CPU.Build.0 = Debug|Any CPU
		{2F39C1B7-B22F-4AE4-8FDB-07276A5FD324}.Release|Any CPU.ActiveCfg = Release|Any CPU
		{2F39C1B7-B22F-4AE4-8FDB-07276A5FD324}.Release|Any CPU.Build.0 = Release|Any CPU
		{A46E334A-4444-4E76-8D06-635B2E053409}.Debug|Any CPU.ActiveCfg = Debug|Any CPU
		{A46E334A-4444-4E76-8D06-635B2E053409}.Debug|Any CPU.Build.0 = Debug|Any CPU
		{A46E334A-4444-4E76-8D06-635B2E053409}.Release|Any CPU.ActiveCfg = Release|Any CPU
		{A46E334A-4444-4E76-8D06-635B2E053409}.Release|Any CPU.Build.0 = Release|Any CPU
		{9C11CAE5-5188-4E71-825B-68FC3135728A}.Debug|Any CPU.ActiveCfg = Debug|Any CPU
		{9C11CAE5-5188-4E71-825B-68FC3135728A}.Debug|Any CPU.Build.0 = Debug|Any CPU
		{9C11CAE5-5188-4E71-825B-68FC3135728A}.Release|Any CPU.ActiveCfg = Release|Any CPU
		{9C11CAE5-5188-4E71-825B-68FC3135728A}.Release|Any CPU.Build.0 = Release|Any CPU
		{E3F427D5-C187-4AE8-AC6C-6047504BADC9}.Debug|Any CPU.ActiveCfg = Debug|Any CPU
		{E3F427D5-C187-4AE8-AC6C-6047504BADC9}.Debug|Any CPU.Build.0 = Debug|Any CPU
		{E3F427D5-C187-4AE8-AC6C-6047504BADC9}.Release|Any CPU.ActiveCfg = Release|Any CPU
		{E3F427D5-C187-4AE8-AC6C-6047504BADC9}.Release|Any CPU.Build.0 = Release|Any CPU
		{3324D8CD-603D-4712-A6B8-89C81E9D0159}.Debug|Any CPU.ActiveCfg = Debug|Any CPU
		{3324D8CD-603D-4712-A6B8-89C81E9D0159}.Debug|Any CPU.Build.0 = Debug|Any CPU
		{3324D8CD-603D-4712-A6B8-89C81E9D0159}.Release|Any CPU.ActiveCfg = Release|Any CPU
		{3324D8CD-603D-4712-A6B8-89C81E9D0159}.Release|Any CPU.Build.0 = Release|Any CPU
		{69438734-2222-4CC9-BFD9-D9444F8E3CCC}.Debug|Any CPU.ActiveCfg = Debug|Any CPU
		{69438734-2222-4CC9-BFD9-D9444F8E3CCC}.Debug|Any CPU.Build.0 = Debug|Any CPU
		{69438734-2222-4CC9-BFD9-D9444F8E3CCC}.Release|Any CPU.ActiveCfg = Release|Any CPU
		{69438734-2222-4CC9-BFD9-D9444F8E3CCC}.Release|Any CPU.Build.0 = Release|Any CPU
		{74EBF82E-BFAB-4747-A18E-72025D6092EA}.Debug|Any CPU.ActiveCfg = Debug|Any CPU
		{74EBF82E-BFAB-4747-A18E-72025D6092EA}.Debug|Any CPU.Build.0 = Debug|Any CPU
		{74EBF82E-BFAB-4747-A18E-72025D6092EA}.Release|Any CPU.ActiveCfg = Release|Any CPU
		{74EBF82E-BFAB-4747-A18E-72025D6092EA}.Release|Any CPU.Build.0 = Release|Any CPU
		{D25E0209-0E1C-4009-8538-3F7DA1C14997}.Debug|Any CPU.ActiveCfg = Debug|Any CPU
		{D25E0209-0E1C-4009-8538-3F7DA1C14997}.Debug|Any CPU.Build.0 = Debug|Any CPU
		{D25E0209-0E1C-4009-8538-3F7DA1C14997}.Release|Any CPU.ActiveCfg = Release|Any CPU
		{D25E0209-0E1C-4009-8538-3F7DA1C14997}.Release|Any CPU.Build.0 = Release|Any CPU
		{070A5DF7-B636-4799-9B2D-9D4DAB98850F}.Debug|Any CPU.ActiveCfg = Debug|Any CPU
		{070A5DF7-B636-4799-9B2D-9D4DAB98850F}.Debug|Any CPU.Build.0 = Debug|Any CPU
		{070A5DF7-B636-4799-9B2D-9D4DAB98850F}.Release|Any CPU.ActiveCfg = Release|Any CPU
		{070A5DF7-B636-4799-9B2D-9D4DAB98850F}.Release|Any CPU.Build.0 = Release|Any CPU
	EndGlobalSection
	GlobalSection(SolutionProperties) = preSolution
		HideSolutionNode = FALSE
	EndGlobalSection
EndGlobal
